{
  "nodes": {
    "flake-compat": {
      "locked": {
        "lastModified": 1733328505,
        "narHash": "sha256-NeCCThCEP3eCl2l/+27kNNK7QrwZB1IJCrXfrbv5oqU=",
        "rev": "ff81ac966bb2cae68946d5ed5fc4994f96d0ffec",
        "revCount": 69,
        "type": "tarball",
        "url": "https://api.flakehub.com/f/pinned/edolstra/flake-compat/1.1.0/01948eb7-9cba-704f-bbf3-3fa956735b52/source.tar.gz?rev=ff81ac966bb2cae68946d5ed5fc4994f96d0ffec&revCount=69"
      },
      "original": {
        "type": "tarball",
        "url": "https://flakehub.com/f/edolstra/flake-compat/1.tar.gz"
      }
    },
    "flake-parts": {
      "inputs": {
        "nixpkgs-lib": "nixpkgs-lib"
      },
      "locked": {
        "lastModified": 1754091436,
        "narHash": "sha256-XKqDMN1/Qj1DKivQvscI4vmHfDfvYR2pfuFOJiCeewM=",
        "owner": "hercules-ci",
        "repo": "flake-parts",
        "rev": "67df8c627c2c39c41dbec76a1f201929929ab0bd",
        "type": "github"
      },
      "original": {
        "owner": "hercules-ci",
        "repo": "flake-parts",
        "type": "github"
      }
    },
    "home-manager": {
      "inputs": {
        "nixpkgs": [
          "nixpkgs"
        ]
      },
      "locked": {
        "lastModified": 1763906693,
        "narHash": "sha256-inm7paa3myo8gE4TzjM8OPvsEg8xocWreIZBgBPEKgo=",
        "owner": "nix-community",
        "repo": "home-manager",
        "rev": "3d6c1c8fa0bea3a1a7ba23d6fa5993116766073b",
        "type": "github"
      },
      "original": {
        "owner": "nix-community",
        "ref": "master",
        "repo": "home-manager",
        "type": "github"
      }
    },
    "niri": {
      "inputs": {
        "niri-stable": "niri-stable",
        "niri-unstable": "niri-unstable",
        "nixpkgs": "nixpkgs",
        "nixpkgs-stable": "nixpkgs-stable",
        "xwayland-satellite-stable": "xwayland-satellite-stable",
        "xwayland-satellite-unstable": "xwayland-satellite-unstable"
      },
      "locked": {
        "lastModified": 1763891121,
        "narHash": "sha256-Arwlg5N1ssnSxPiTMYFNgZL/oGZvVJRtFHMEWOvVkk4=",
        "owner": "sodiboo",
        "repo": "niri-flake",
        "rev": "d2c10541bad1e7c9341fd269ec35da54a2c48219",
        "type": "github"
      },
      "original": {
        "owner": "sodiboo",
        "repo": "niri-flake",
        "type": "github"
      }
    },
    "niri-stable": {
      "flake": false,
      "locked": {
        "lastModified": 1756556321,
        "narHash": "sha256-RLD89dfjN0RVO86C/Mot0T7aduCygPGaYbog566F0Qo=",
        "owner": "YaLTeR",
        "repo": "niri",
        "rev": "01be0e65f4eb91a9cd624ac0b76aaeab765c7294",
        "type": "github"
      },
      "original": {
        "owner": "YaLTeR",
        "ref": "v25.08",
        "repo": "niri",
        "type": "github"
      }
    },
    "niri-unstable": {
      "flake": false,
      "locked": {
        "lastModified": 1763887185,
        "narHash": "sha256-uuwCdsGQUXoTSS02ShZAq+PeWudn0xu4vKpH43OubX8=",
        "owner": "YaLTeR",
        "repo": "niri",
        "rev": "efbe29f3faa69282aad110b7da74f3c41f8971cf",
        "type": "github"
      },
      "original": {
        "owner": "YaLTeR",
        "repo": "niri",
        "type": "github"
      }
    },
    "nixcord": {
      "inputs": {
        "flake-compat": "flake-compat",
        "flake-parts": "flake-parts",
        "nixpkgs": [
          "nixpkgs"
        ]
      },
      "locked": {
        "lastModified": 1763885069,
        "narHash": "sha256-i1z6b2DuykVx5RzoAVM3sbNWl8AWsXrmwpG1Q7WjZ8c=",
        "owner": "kaylorben",
        "repo": "nixcord",
        "rev": "4ea79d100079458030c868a00f0bec4a5e777a41",
        "type": "github"
      },
      "original": {
        "owner": "kaylorben",
        "repo": "nixcord",
        "type": "github"
      }
    },
    "nixos-hardware": {
      "locked": {
        "lastModified": 1762847253,
        "narHash": "sha256-BWWnUUT01lPwCWUvS0p6Px5UOBFeXJ8jR+ZdLX8IbrU=",
        "owner": "NixOS",
        "repo": "nixos-hardware",
        "rev": "899dc449bc6428b9ee6b3b8f771ca2b0ef945ab9",
        "type": "github"
      },
      "original": {
        "owner": "NixOS",
        "ref": "master",
        "repo": "nixos-hardware",
        "type": "github"
      }
    },
    "nixpkgs": {
      "locked": {
        "lastModified": 1763678758,
        "narHash": "sha256-+hBiJ+kG5IoffUOdlANKFflTT5nO3FrrR2CA3178Y5s=",
        "owner": "NixOS",
        "repo": "nixpkgs",
        "rev": "117cc7f94e8072499b0a7aa4c52084fa4e11cc9b",
        "type": "github"
      },
      "original": {
        "owner": "NixOS",
        "ref": "nixos-unstable",
        "repo": "nixpkgs",
        "type": "github"
      }
    },
    "nixpkgs-lib": {
      "locked": {
        "lastModified": 1753579242,
        "narHash": "sha256-zvaMGVn14/Zz8hnp4VWT9xVnhc8vuL3TStRqwk22biA=",
        "owner": "nix-community",
        "repo": "nixpkgs.lib",
        "rev": "0f36c44e01a6129be94e3ade315a5883f0228a6e",
        "type": "github"
      },
      "original": {
        "owner": "nix-community",
        "repo": "nixpkgs.lib",
        "type": "github"
      }
    },
    "nixpkgs-stable": {
      "locked": {
        "lastModified": 1763622513,
        "narHash": "sha256-1jQnuyu82FpiSxowrF/iFK6Toh9BYprfDqfs4BB+19M=",
        "owner": "NixOS",
        "repo": "nixpkgs",
        "rev": "c58bc7f5459328e4afac201c5c4feb7c818d604b",
        "type": "github"
      },
      "original": {
        "owner": "NixOS",
        "ref": "nixos-25.05",
        "repo": "nixpkgs",
        "type": "github"
      }
    },
    "nixpkgs-stable_2": {
      "locked": {
        "lastModified": 1763622513,
        "narHash": "sha256-1jQnuyu82FpiSxowrF/iFK6Toh9BYprfDqfs4BB+19M=",
        "owner": "NixOS",
        "repo": "nixpkgs",
        "rev": "c58bc7f5459328e4afac201c5c4feb7c818d604b",
        "type": "github"
      },
      "original": {
        "owner": "NixOS",
        "ref": "nixos-25.05",
        "repo": "nixpkgs",
        "type": "github"
      }
    },
    "nixpkgs_2": {
      "locked": {
        "lastModified": 1763835633,
        "narHash": "sha256-HzxeGVID5MChuCPESuC0dlQL1/scDKu+MmzoVBJxulM=",
        "owner": "NixOS",
        "repo": "nixpkgs",
        "rev": "050e09e091117c3d7328c7b2b7b577492c43c134",
        "type": "github"
      },
      "original": {
        "owner": "NixOS",
        "ref": "nixos-unstable-small",
        "repo": "nixpkgs",
        "type": "github"
      }
    },
    "root": {
      "inputs": {
        "home-manager": "home-manager",
        "niri": "niri",
        "nixcord": "nixcord",
        "nixos-hardware": "nixos-hardware",
        "nixpkgs": "nixpkgs_2",
        "nixpkgs-stable": "nixpkgs-stable_2"
      }
    },
    "xwayland-satellite-stable": {
      "flake": false,
      "locked": {
        "lastModified": 1755491097,
        "narHash": "sha256-m+9tUfsmBeF2Gn4HWa6vSITZ4Gz1eA1F5Kh62B0N4oE=",
        "owner": "Supreeeme",
        "repo": "xwayland-satellite",
        "rev": "388d291e82ffbc73be18169d39470f340707edaa",
        "type": "github"
      },
      "original": {
        "owner": "Supreeeme",
        "ref": "v0.7",
        "repo": "xwayland-satellite",
        "type": "github"
      }
    },
    "xwayland-satellite-unstable": {
      "flake": false,
      "locked": {
        "lastModified": 1763704521,
        "narHash": "sha256-ceYEV6PnvUN8Zixao4gpPuN+VT3B0SlAXKuPNHZhqUY=",
        "owner": "Supreeeme",
        "repo": "xwayland-satellite",
        "rev": "f379ff5722a821212eb59ada9cf8e51cb3654aad",
        "type": "github"
      },
      "original": {
        "owner": "Supreeeme",
        "repo": "xwayland-satellite",
        "type": "github"
      }
    }
  },
  "root": "root",
  "version": 7
}
