{
  "nodes": {
    "flake-compat": {
      "locked": {
        "lastModified": 1733328505,
        "narHash": "sha256-NeCCThCEP3eCl2l/+27kNNK7QrwZB1IJCrXfrbv5oqU=",
        "rev": "ff81ac966bb2cae68946d5ed5fc4994f96d0ffec",
        "revCount": 69,
        "type": "tarball",
        "url": "https://api.flakehub.com/f/pinned/edolstra/flake-compat/1.1.0/01948eb7-9cba-704f-bbf3-3fa956735b52/source.tar.gz"
      },
      "original": {
        "type": "tarball",
        "url": "https://flakehub.com/f/edolstra/flake-compat/1.tar.gz"
      }
    },
    "flake-parts": {
      "inputs": {
        "nixpkgs-lib": "nixpkgs-lib"
      },
      "locked": {
        "lastModified": 1769996383,
        "narHash": "sha256-AnYjnFWgS49RlqX7LrC4uA+sCCDBj0Ry/WOJ5XWAsa0=",
        "owner": "hercules-ci",
        "repo": "flake-parts",
        "rev": "57928607ea566b5db3ad13af0e57e921e6b12381",
        "type": "github"
      },
      "original": {
        "owner": "hercules-ci",
        "repo": "flake-parts",
        "type": "github"
      }
    },
    "home-manager": {
      "inputs": {
        "nixpkgs": [
          "nixpkgs"
        ]
      },
      "locked": {
        "lastModified": 1770975156,
        "narHash": "sha256-bPKv7BcIOGp4R1Q3hKhiD2CT3+7D6ibNIaJfEJdeOzo=",
        "owner": "nix-community",
        "repo": "home-manager",
        "rev": "de4cfffc98f43ab8ba90739b56991f068f9e9018",
        "type": "github"
      },
      "original": {
        "owner": "nix-community",
        "ref": "master",
        "repo": "home-manager",
        "type": "github"
      }
    },
    "niri": {
      "inputs": {
        "niri-stable": "niri-stable",
        "niri-unstable": "niri-unstable",
        "nixpkgs": [
          "nixpkgs"
        ],
        "nixpkgs-stable": "nixpkgs-stable",
        "xwayland-satellite-stable": "xwayland-satellite-stable",
        "xwayland-satellite-unstable": "xwayland-satellite-unstable"
      },
      "locked": {
        "lastModified": 1770969869,
        "narHash": "sha256-a5ZgirQt+wfRTcwsWar8IwdsR+YZxEj6bF4LRYiB/Ow=",
        "owner": "sodiboo",
        "repo": "niri-flake",
        "rev": "e39489a418aebcc4841b95600952610f95ddac49",
        "type": "github"
      },
      "original": {
        "owner": "sodiboo",
        "repo": "niri-flake",
        "type": "github"
      }
    },
    "niri-stable": {
      "flake": false,
      "locked": {
        "lastModified": 1756556321,
        "narHash": "sha256-RLD89dfjN0RVO86C/Mot0T7aduCygPGaYbog566F0Qo=",
        "owner": "YaLTeR",
        "repo": "niri",
        "rev": "01be0e65f4eb91a9cd624ac0b76aaeab765c7294",
        "type": "github"
      },
      "original": {
        "owner": "YaLTeR",
        "ref": "v25.08",
        "repo": "niri",
        "type": "github"
      }
    },
    "niri-unstable": {
      "flake": false,
      "locked": {
        "lastModified": 1770966998,
        "narHash": "sha256-UDJwlNU7lP6lfHNzYtNM5jgvGrKmZ+R3Tr6lM+8hNLQ=",
        "owner": "YaLTeR",
        "repo": "niri",
        "rev": "c1146c0befd31358910c78672ee987ee336b889a",
        "type": "github"
      },
      "original": {
        "owner": "YaLTeR",
        "repo": "niri",
        "type": "github"
      }
    },
    "nixcord": {
      "inputs": {
        "flake-compat": "flake-compat",
        "flake-parts": "flake-parts",
        "nixpkgs": [
          "nixpkgs"
        ]
      },
      "locked": {
        "lastModified": 1770971055,
        "narHash": "sha256-XYFbDiNsfUKduV0DgV8UYSRey9t9vz/A4ppmzwBW+vQ=",
        "owner": "kaylorben",
        "repo": "nixcord",
        "rev": "77e0320dd37093da79e4f146659c66bb7ae692cc",
        "type": "github"
      },
      "original": {
        "owner": "kaylorben",
        "repo": "nixcord",
        "type": "github"
      }
    },
    "nixos-hardware": {
      "locked": {
        "lastModified": 1770882871,
        "narHash": "sha256-nw5g+xl3veea+maxJ2/81tMEA/rPq9aF1H5XF35X+OE=",
        "owner": "NixOS",
        "repo": "nixos-hardware",
        "rev": "af04cb78aa85b2a4d1c15fc7270347e0d0eda97b",
        "type": "github"
      },
      "original": {
        "owner": "NixOS",
        "ref": "master",
        "repo": "nixos-hardware",
        "type": "github"
      }
    },
    "nixpkgs": {
      "locked": {
        "lastModified": 1770841267,
        "narHash": "sha256-9xejG0KoqsoKEGp2kVbXRlEYtFFcDTHjidiuX8hGO44=",
        "owner": "NixOS",
        "repo": "nixpkgs",
        "rev": "ec7c70d12ce2fc37cb92aff673dcdca89d187bae",
        "type": "github"
      },
      "original": {
        "owner": "NixOS",
        "ref": "nixos-unstable",
        "repo": "nixpkgs",
        "type": "github"
      }
    },
    "nixpkgs-bleeding": {
      "locked": {
        "lastModified": 1770956962,
        "narHash": "sha256-dakX5wYFRTckgej29qy//68/DjFsEA/XNYfnltnaDlo=",
        "owner": "NixOS",
        "repo": "nixpkgs",
        "rev": "2c4dbe7e217aa8f06a0e5a76169cc28f5de10b4b",
        "type": "github"
      },
      "original": {
        "owner": "NixOS",
        "ref": "nixos-unstable-small",
        "repo": "nixpkgs",
        "type": "github"
      }
    },
    "nixpkgs-lib": {
      "locked": {
        "lastModified": 1769909678,
        "narHash": "sha256-cBEymOf4/o3FD5AZnzC3J9hLbiZ+QDT/KDuyHXVJOpM=",
        "owner": "nix-community",
        "repo": "nixpkgs.lib",
        "rev": "72716169fe93074c333e8d0173151350670b824c",
        "type": "github"
      },
      "original": {
        "owner": "nix-community",
        "repo": "nixpkgs.lib",
        "type": "github"
      }
    },
    "nixpkgs-stable": {
      "locked": {
        "lastModified": 1770770419,
        "narHash": "sha256-iKZMkr6Cm9JzWlRYW/VPoL0A9jVKtZYiU4zSrVeetIs=",
        "owner": "NixOS",
        "repo": "nixpkgs",
        "rev": "6c5e707c6b5339359a9a9e215c5e66d6d802fd7a",
        "type": "github"
      },
      "original": {
        "owner": "NixOS",
        "ref": "nixos-25.11",
        "repo": "nixpkgs",
        "type": "github"
      }
    },
    "nixpkgs-stable_2": {
      "locked": {
        "lastModified": 1770770419,
        "narHash": "sha256-iKZMkr6Cm9JzWlRYW/VPoL0A9jVKtZYiU4zSrVeetIs=",
        "owner": "NixOS",
        "repo": "nixpkgs",
        "rev": "6c5e707c6b5339359a9a9e215c5e66d6d802fd7a",
        "type": "github"
      },
      "original": {
        "owner": "NixOS",
        "ref": "nixos-25.11",
        "repo": "nixpkgs",
        "type": "github"
      }
    },
    "noctalia": {
      "inputs": {
        "nixpkgs": [
          "nixpkgs"
        ]
      },
      "locked": {
        "lastModified": 1770983624,
        "narHash": "sha256-kN0gkFu4/0H90UOlFnmhO84I/6myrRLAzBhfXB7CXcI=",
        "owner": "noctalia-dev",
        "repo": "noctalia-shell",
        "rev": "37f650d884f38314ad1171b131ef9aa659337425",
        "type": "github"
      },
      "original": {
        "owner": "noctalia-dev",
        "repo": "noctalia-shell",
        "type": "github"
      }
    },
    "root": {
      "inputs": {
        "home-manager": "home-manager",
        "niri": "niri",
        "nixcord": "nixcord",
        "nixos-hardware": "nixos-hardware",
        "nixpkgs": "nixpkgs",
        "nixpkgs-bleeding": "nixpkgs-bleeding",
        "nixpkgs-stable": "nixpkgs-stable_2",
        "noctalia": "noctalia"
      }
    },
    "xwayland-satellite-stable": {
      "flake": false,
      "locked": {
        "lastModified": 1755491097,
        "narHash": "sha256-m+9tUfsmBeF2Gn4HWa6vSITZ4Gz1eA1F5Kh62B0N4oE=",
        "owner": "Supreeeme",
        "repo": "xwayland-satellite",
        "rev": "388d291e82ffbc73be18169d39470f340707edaa",
        "type": "github"
      },
      "original": {
        "owner": "Supreeeme",
        "ref": "v0.7",
        "repo": "xwayland-satellite",
        "type": "github"
      }
    },
    "xwayland-satellite-unstable": {
      "flake": false,
      "locked": {
        "lastModified": 1770583271,
        "narHash": "sha256-Q75S8cEqJoZ92s1y4zArvk2U1ayAy2E4SaF7gbNXkYQ=",
        "owner": "Supreeeme",
        "repo": "xwayland-satellite",
        "rev": "86f5bd5d867ad6e120935dfe825f6b903ebbeddd",
        "type": "github"
      },
      "original": {
        "owner": "Supreeeme",
        "repo": "xwayland-satellite",
        "type": "github"
      }
    }
  },
  "root": "root",
  "version": 7
}
